
Microsoft Visual Studio Solution File, Format Version 12.00
# Visual Studio Version 17
VisualStudioVersion = 17.1.32328.378
MinimumVisualStudioVersion = 10.0.40219.1
Project("{9A19103F-16F7-4668-BE54-9A1E7A4F7556}") = "EFCore.IncludeByExpression", "EFCore.IncludeByExpression\EFCore.IncludeByExpression.csproj", "{250D974E-A753-4029-B42F-376DDCE98E94}"
EndProject
Project("{9A19103F-16F7-4668-BE54-9A1E7A4F7556}") = "EFCore.IncludeByExpression.Tests", "EFCore.IncludeByExpression.Tests\EFCore.IncludeByExpression.Tests.csproj", "{91A3520F-AE67-46E4-82D7-0D5F5C720574}"
	ProjectSection(ProjectDependencies) = postProject
		{250D974E-A753-4029-B42F-376DDCE98E94} = {250D974E-A753-4029-B42F-376DDCE98E94}
	EndProjectSection
EndProject
Project("{FAE04EC0-301F-11D3-BF4B-00C04F79EFBC}") = "EFCore.IncludeByExpression.Abstractions", "EFCore.IncludeByExpression.Abstractions\EFCore.IncludeByExpression.Abstractions.csproj", "{FF525084-4066-41C4-A527-2D48EC5A3302}"
EndProject
Global
	GlobalSection(SolutionConfigurationPlatforms) = preSolution
		Debug|Any CPU = Debug|Any CPU
		Release|Any CPU = Release|Any CPU
	EndGlobalSection
	GlobalSection(ProjectConfigurationPlatforms) = postSolution
		{250D974E-A753-4029-B42F-376DDCE98E94}.Debug|Any CPU.ActiveCfg = Debug|Any CPU
		{250D974E-A753-4029-B42F-376DDCE98E94}.Debug|Any CPU.Build.0 = Debug|Any CPU
		{250D974E-A753-4029-B42F-376DDCE98E94}.Release|Any CPU.ActiveCfg = Release|Any CPU
		{250D974E-A753-4029-B42F-376DDCE98E94}.Release|Any CPU.Build.0 = Release|Any CPU
		{91A3520F-AE67-46E4-82D7-0D5F5C720574}.Debug|Any CPU.ActiveCfg = Debug|Any CPU
		{91A3520F-AE67-46E4-82D7-0D5F5C720574}.Debug|Any CPU.Build.0 = Debug|Any CPU
		{91A3520F-AE67-46E4-82D7-0D5F5C720574}.Release|Any CPU.ActiveCfg = Release|Any CPU
		{91A3520F-AE67-46E4-82D7-0D5F5C720574}.Release|Any CPU.Build.0 = Release|Any CPU
		{FF525084-4066-41C4-A527-2D48EC5A3302}.Debug|Any CPU.ActiveCfg = Debug|Any CPU
		{FF525084-4066-41C4-A527-2D48EC5A3302}.Debug|Any CPU.Build.0 = Debug|Any CPU
		{FF525084-4066-41C4-A527-2D48EC5A3302}.Release|Any CPU.ActiveCfg = Release|Any CPU
		{FF525084-4066-41C4-A527-2D48EC5A3302}.Release|Any CPU.Build.0 = Release|Any CPU
	EndGlobalSection
	GlobalSection(SolutionProperties) = preSolution
		HideSolutionNode = FALSE
	EndGlobalSection
	GlobalSection(ExtensibilityGlobals) = postSolution
		SolutionGuid = {57AD9C3A-55CA-47E3-BD93-E0B24A7B9AC1}
	EndGlobalSection
EndGlobal
